
Microsoft Visual Studio Solution File, Format Version 12.00
# Visual Studio 15
VisualStudioVersion = 15.0.26014.0
MinimumVisualStudioVersion = 10.0.40219.1
Project("{FAE04EC0-301F-11D3-BF4B-00C04F79EFBC}") = "VsCaide", "VsCaide.csproj", "{86A07D56-FBE5-4FCE-AB05-7E6A270C0631}"
EndProject
Project("{FAE04EC0-301F-11D3-BF4B-00C04F79EFBC}") = "VsInterface", "VersionSpecific\VsInterface\VsInterface.csproj", "{A34A05F8-CD09-48B2-A64A-5E32502B9C96}"
EndProject
Project("{FAE04EC0-301F-11D3-BF4B-00C04F79EFBC}") = "Vs2015", "VersionSpecific\Vs2015\Vs2015.csproj", "{29BAD729-8F67-4801-B6AD-FE50A6D2F783}"
EndProject
Project("{FAE04EC0-301F-11D3-BF4B-00C04F79EFBC}") = "CommonUtilities", "CommonUtilities\CommonUtilities.csproj", "{F2954907-D6C2-48AC-A2BA-651E5BC280D5}"
EndProject
Project("{FAE04EC0-301F-11D3-BF4B-00C04F79EFBC}") = "Vs2013", "VersionSpecific\Vs2013\Vs2013.csproj", "{68FBDFB4-EF32-46AE-9BA9-B5165DE398C4}"
EndProject
Project("{FAE04EC0-301F-11D3-BF4B-00C04F79EFBC}") = "Vs2017", "VersionSpecific\Vs2017\Vs2017.csproj", "{8F37650D-5DC4-4558-B615-CF510B5A1D3F}"
EndProject
Global
	GlobalSection(SolutionConfigurationPlatforms) = preSolution
		Debug|Any CPU = Debug|Any CPU
		Release|Any CPU = Release|Any CPU
	EndGlobalSection
	GlobalSection(ProjectConfigurationPlatforms) = postSolution
		{86A07D56-FBE5-4FCE-AB05-7E6A270C0631}.Debug|Any CPU.ActiveCfg = Debug|Any CPU
		{86A07D56-FBE5-4FCE-AB05-7E6A270C0631}.Debug|Any CPU.Build.0 = Debug|Any CPU
		{86A07D56-FBE5-4FCE-AB05-7E6A270C0631}.Release|Any CPU.ActiveCfg = Release|Any CPU
		{86A07D56-FBE5-4FCE-AB05-7E6A270C0631}.Release|Any CPU.Build.0 = Release|Any CPU
		{A34A05F8-CD09-48B2-A64A-5E32502B9C96}.Debug|Any CPU.ActiveCfg = Debug|Any CPU
		{A34A05F8-CD09-48B2-A64A-5E32502B9C96}.Debug|Any CPU.Build.0 = Debug|Any CPU
		{A34A05F8-CD09-48B2-A64A-5E32502B9C96}.Release|Any CPU.ActiveCfg = Release|Any CPU
		{A34A05F8-CD09-48B2-A64A-5E32502B9C96}.Release|Any CPU.Build.0 = Release|Any CPU
		{29BAD729-8F67-4801-B6AD-FE50A6D2F783}.Debug|Any CPU.ActiveCfg = Debug|Any CPU
		{29BAD729-8F67-4801-B6AD-FE50A6D2F783}.Debug|Any CPU.Build.0 = Debug|Any CPU
		{29BAD729-8F67-4801-B6AD-FE50A6D2F783}.Release|Any CPU.ActiveCfg = Release|Any CPU
		{29BAD729-8F67-4801-B6AD-FE50A6D2F783}.Release|Any CPU.Build.0 = Release|Any CPU
		{F2954907-D6C2-48AC-A2BA-651E5BC280D5}.Debug|Any CPU.ActiveCfg = Debug|Any CPU
		{F2954907-D6C2-48AC-A2BA-651E5BC280D5}.Debug|Any CPU.Build.0 = Debug|Any CPU
		{F2954907-D6C2-48AC-A2BA-651E5BC280D5}.Release|Any CPU.ActiveCfg = Release|Any CPU
		{F2954907-D6C2-48AC-A2BA-651E5BC280D5}.Release|Any CPU.Build.0 = Release|Any CPU
		{68FBDFB4-EF32-46AE-9BA9-B5165DE398C4}.Debug|Any CPU.ActiveCfg = Debug|Any CPU
		{68FBDFB4-EF32-46AE-9BA9-B5165DE398C4}.Debug|Any CPU.Build.0 = Debug|Any CPU
		{68FBDFB4-EF32-46AE-9BA9-B5165DE398C4}.Release|Any CPU.ActiveCfg = Release|Any CPU
		{68FBDFB4-EF32-46AE-9BA9-B5165DE398C4}.Release|Any CPU.Build.0 = Release|Any CPU
		{8F37650D-5DC4-4558-B615-CF510B5A1D3F}.Debug|Any CPU.ActiveCfg = Debug|Any CPU
		{8F37650D-5DC4-4558-B615-CF510B5A1D3F}.Debug|Any CPU.Build.0 = Debug|Any CPU
		{8F37650D-5DC4-4558-B615-CF510B5A1D3F}.Release|Any CPU.ActiveCfg = Release|Any CPU
		{8F37650D-5DC4-4558-B615-CF510B5A1D3F}.Release|Any CPU.Build.0 = Release|Any CPU
	EndGlobalSection
	GlobalSection(SolutionProperties) = preSolution
		HideSolutionNode = FALSE
	EndGlobalSection
EndGlobal
